
Microsoft Visual Studio Solution File, Format Version 12.00
# Visual Studio Version 16
VisualStudioVersion = 16.0.32602.291
MinimumVisualStudioVersion = 10.0.40219.1
Project("{FAE04EC0-301F-11D3-BF4B-00C04F79EFBC}") = "CrudOpeartion", "CrudOpeartion\CrudOpeartion.csproj", "{1D40E2EC-3B21-42C1-AB13-3FCB022036A7}"
EndProject
Global
	GlobalSection(SolutionConfigurationPlatforms) = preSolution
		Debug|Any CPU = Debug|Any CPU
		Release|Any CPU = Release|Any CPU
	EndGlobalSection
	GlobalSection(ProjectConfigurationPlatforms) = postSolution
		{1D40E2EC-3B21-42C1-AB13-3FCB022036A7}.Debug|Any CPU.ActiveCfg = Debug|Any CPU
		{1D40E2EC-3B21-42C1-AB13-3FCB022036A7}.Debug|Any CPU.Build.0 = Debug|Any CPU
		{1D40E2EC-3B21-42C1-AB13-3FCB022036A7}.Release|Any CPU.ActiveCfg = Release|Any CPU
		{1D40E2EC-3B21-42C1-AB13-3FCB022036A7}.Release|Any CPU.Build.0 = Release|Any CPU
	EndGlobalSection
	GlobalSection(SolutionProperties) = preSolution
		HideSolutionNode = FALSE
	EndGlobalSection
	GlobalSection(ExtensibilityGlobals) = postSolution
		SolutionGuid = {22572601-6CC8-4A9F-915F-3EE6B5885822}
	EndGlobalSection
EndGlobal
